
Microsoft Visual Studio Solution File, Format Version 12.00
# Visual Studio Version 17
VisualStudioVersion = 17.3.32804.467
MinimumVisualStudioVersion = 10.0.40219.1
Project("{FAE04EC0-301F-11D3-BF4B-00C04F79EFBC}") = "practice 5", "practice 5\practice 5.csproj", "{291625B3-A3E0-445C-A20A-CC7C9FB2811F}"
EndProject
Global
	GlobalSection(SolutionConfigurationPlatforms) = preSolution
		Debug|Any CPU = Debug|Any CPU
		Release|Any CPU = Release|Any CPU
	EndGlobalSection
	GlobalSection(ProjectConfigurationPlatforms) = postSolution
		{291625B3-A3E0-445C-A20A-CC7C9FB2811F}.Debug|Any CPU.ActiveCfg = Debug|Any CPU
		{291625B3-A3E0-445C-A20A-CC7C9FB2811F}.Debug|Any CPU.Build.0 = Debug|Any CPU
		{291625B3-A3E0-445C-A20A-CC7C9FB2811F}.Release|Any CPU.ActiveCfg = Release|Any CPU
		{291625B3-A3E0-445C-A20A-CC7C9FB2811F}.Release|Any CPU.Build.0 = Release|Any CPU
	EndGlobalSection
	GlobalSection(SolutionProperties) = preSolution
		HideSolutionNode = FALSE
	EndGlobalSection
	GlobalSection(ExtensibilityGlobals) = postSolution
		SolutionGuid = {B5F973E2-6A61-4536-BB66-2E8DFF1A11A1}
	EndGlobalSection
EndGlobal
